
Microsoft Visual Studio Solution File, Format Version 12.00
# Visual Studio Version 16
VisualStudioVersion = 16.0.31702.278
MinimumVisualStudioVersion = 10.0.40219.1
Project("{9A19103F-16F7-4668-BE54-9A1E7A4F7556}") = "DirectoriesAndFiles", "DirectoriesAndFiles\DirectoriesAndFiles.csproj", "{46811234-0823-4D25-AE10-A1C9B194E977}"
EndProject
Project("{9A19103F-16F7-4668-BE54-9A1E7A4F7556}") = "WishList", "WishList\WishList.csproj", "{CD0BD0C4-18C2-4440-B2A5-B67118CE68CC}"
EndProject
Project("{9A19103F-16F7-4668-BE54-9A1E7A4F7556}") = "MyWishListFile", "MyWishListFile\MyWishListFile.csproj", "{93BB92A2-D6C5-41A6-AD08-4949A2B9C49F}"
EndProject
Project("{9A19103F-16F7-4668-BE54-9A1E7A4F7556}") = "ShoppingList", "ShoppingList\ShoppingList.csproj", "{30AF3145-4689-40A2-AE88-45BA2A2875C1}"
EndProject
Project("{FAE04EC0-301F-11D3-BF4B-00C04F79EFBC}") = "myShoppingList", "myShoppingList\myShoppingList.csproj", "{131F94DA-2C44-48C1-ABB8-D568E858FC58}"
EndProject
Global
	GlobalSection(SolutionConfigurationPlatforms) = preSolution
		Debug|Any CPU = Debug|Any CPU
		Release|Any CPU = Release|Any CPU
	EndGlobalSection
	GlobalSection(ProjectConfigurationPlatforms) = postSolution
		{46811234-0823-4D25-AE10-A1C9B194E977}.Debug|Any CPU.ActiveCfg = Debug|Any CPU
		{46811234-0823-4D25-AE10-A1C9B194E977}.Debug|Any CPU.Build.0 = Debug|Any CPU
		{46811234-0823-4D25-AE10-A1C9B194E977}.Release|Any CPU.ActiveCfg = Release|Any CPU
		{46811234-0823-4D25-AE10-A1C9B194E977}.Release|Any CPU.Build.0 = Release|Any CPU
		{CD0BD0C4-18C2-4440-B2A5-B67118CE68CC}.Debug|Any CPU.ActiveCfg = Debug|Any CPU
		{CD0BD0C4-18C2-4440-B2A5-B67118CE68CC}.Debug|Any CPU.Build.0 = Debug|Any CPU
		{CD0BD0C4-18C2-4440-B2A5-B67118CE68CC}.Release|Any CPU.ActiveCfg = Release|Any CPU
		{CD0BD0C4-18C2-4440-B2A5-B67118CE68CC}.Release|Any CPU.Build.0 = Release|Any CPU
		{93BB92A2-D6C5-41A6-AD08-4949A2B9C49F}.Debug|Any CPU.ActiveCfg = Debug|Any CPU
		{93BB92A2-D6C5-41A6-AD08-4949A2B9C49F}.Debug|Any CPU.Build.0 = Debug|Any CPU
		{93BB92A2-D6C5-41A6-AD08-4949A2B9C49F}.Release|Any CPU.ActiveCfg = Release|Any CPU
		{93BB92A2-D6C5-41A6-AD08-4949A2B9C49F}.Release|Any CPU.Build.0 = Release|Any CPU
		{30AF3145-4689-40A2-AE88-45BA2A2875C1}.Debug|Any CPU.ActiveCfg = Debug|Any CPU
		{30AF3145-4689-40A2-AE88-45BA2A2875C1}.Debug|Any CPU.Build.0 = Debug|Any CPU
		{30AF3145-4689-40A2-AE88-45BA2A2875C1}.Release|Any CPU.ActiveCfg = Release|Any CPU
		{30AF3145-4689-40A2-AE88-45BA2A2875C1}.Release|Any CPU.Build.0 = Release|Any CPU
		{131F94DA-2C44-48C1-ABB8-D568E858FC58}.Debug|Any CPU.ActiveCfg = Debug|Any CPU
		{131F94DA-2C44-48C1-ABB8-D568E858FC58}.Debug|Any CPU.Build.0 = Debug|Any CPU
		{131F94DA-2C44-48C1-ABB8-D568E858FC58}.Release|Any CPU.ActiveCfg = Release|Any CPU
		{131F94DA-2C44-48C1-ABB8-D568E858FC58}.Release|Any CPU.Build.0 = Release|Any CPU
	EndGlobalSection
	GlobalSection(SolutionProperties) = preSolution
		HideSolutionNode = FALSE
	EndGlobalSection
	GlobalSection(ExtensibilityGlobals) = postSolution
		SolutionGuid = {D4877657-528C-4DDF-B837-BEF84702C863}
	EndGlobalSection
EndGlobal
